
Microsoft Visual Studio Solution File, Format Version 12.00
# Visual Studio Version 17
VisualStudioVersion = 17.2.32602.215
MinimumVisualStudioVersion = 10.0.40219.1
Project("{9A19103F-16F7-4668-BE54-9A1E7A4F7556}") = "CryptoChinese", "CryptoChinese.csproj", "{CEA0DF18-E4AF-4CB3-B1B7-62BC35C59713}"
EndProject
Global
	GlobalSection(SolutionConfigurationPlatforms) = preSolution
		Debug|Any CPU = Debug|Any CPU
		Release|Any CPU = Release|Any CPU
	EndGlobalSection
	GlobalSection(ProjectConfigurationPlatforms) = postSolution
		{CEA0DF18-E4AF-4CB3-B1B7-62BC35C59713}.Debug|Any CPU.ActiveCfg = Debug|Any CPU
		{CEA0DF18-E4AF-4CB3-B1B7-62BC35C59713}.Debug|Any CPU.Build.0 = Debug|Any CPU
		{CEA0DF18-E4AF-4CB3-B1B7-62BC35C59713}.Release|Any CPU.ActiveCfg = Release|Any CPU
		{CEA0DF18-E4AF-4CB3-B1B7-62BC35C59713}.Release|Any CPU.Build.0 = Release|Any CPU
	EndGlobalSection
	GlobalSection(SolutionProperties) = preSolution
		HideSolutionNode = FALSE
	EndGlobalSection
	GlobalSection(ExtensibilityGlobals) = postSolution
		SolutionGuid = {3E9E4589-C95B-4FED-83F9-A7A5C09D70E0}
	EndGlobalSection
EndGlobal
